lockfileVersion: '9.0'

settings:
  autoInstallPeers: true
  excludeLinksFromLockfile: false

importers:

  .:
    devDependencies:
      '@types/node':
        specifier: ^26.1.2
        version: 26.1.2
      semver:
        specifier: ^7.8.5
        version: 7.8.5

packages:

  '@types/node@26.1.2':
    resolution: {integrity: sha512-Vu4a5UFA9rIIFJ7rB/Vaafh9lrCQszopTCx6KjFboXTGQbPNasehVR5TEiithSDGyd1DEiUByggTZsg8jukeIg==}

  semver@7.8.5:
    resolution: {integrity: sha512-Y7/KDsb8LjooZpwaqGyulO6DQlksgCncchHGk+sZIY4SBvUocMBEFH5Ur1fI4dV+Jvl0w6cjvucaIi40puRioA==}
    engines: {node: '>=10'}
    hasBin: true

  undici-types@8.3.0:
    resolution: {integrity: sha512-j375ScV60dom+YkPFIfTLcOiPxkN/buHz5GobjLhixFuANaNs3C9l4GmrWqejgXWJ7BbJcFYpTEUkS1Ge8bpZQ==}

snapshots:

  '@types/node@26.1.2':
    dependencies:
      undici-types: 8.3.0

  semver@7.8.5: {}

  undici-types@8.3.0: {}
